
Microsoft Visual Studio Solution File, Format Version 12.00
# Visual Studio Version 16
VisualStudioVersion = 16.0.30611.23
MinimumVisualStudioVersion = 10.0.40219.1
Project("{FAE04EC0-301F-11D3-BF4B-00C04F79EFBC}") = "A", "A\A.csproj", "{CFE351EC-EC3C-4C10-96A4-FC4FFBB04590}"
EndProject
Global
	GlobalSection(SolutionConfigurationPlatforms) = preSolution
		Debug|Any CPU = Debug|Any CPU
		Release|Any CPU = Release|Any CPU
	EndGlobalSection
	GlobalSection(ProjectConfigurationPlatforms) = postSolution
		{CFE351EC-EC3C-4C10-96A4-FC4FFBB04590}.Debug|Any CPU.ActiveCfg = Debug|Any CPU
		{CFE351EC-EC3C-4C10-96A4-FC4FFBB04590}.Debug|Any CPU.Build.0 = Debug|Any CPU
		{CFE351EC-EC3C-4C10-96A4-FC4FFBB04590}.Release|Any CPU.ActiveCfg = Release|Any CPU
		{CFE351EC-EC3C-4C10-96A4-FC4FFBB04590}.Release|Any CPU.Build.0 = Release|Any CPU
	EndGlobalSection
	GlobalSection(SolutionProperties) = preSolution
		HideSolutionNode = FALSE
	EndGlobalSection
	GlobalSection(ExtensibilityGlobals) = postSolution
		SolutionGuid = {52B7A6C4-2B4A-4A88-9FCA-512EBB1322D7}
	EndGlobalSection
EndGlobal
