
Microsoft Visual Studio Solution File, Format Version 12.00
# Visual Studio Version 16
VisualStudioVersion = 16.0.30611.23
MinimumVisualStudioVersion = 10.0.40219.1
Project("{FAE04EC0-301F-11D3-BF4B-00C04F79EFBC}") = "C", "C\C.csproj", "{01089A97-EB2D-443A-97B1-0EC03A2ECC89}"
EndProject
Global
	GlobalSection(SolutionConfigurationPlatforms) = preSolution
		Debug|Any CPU = Debug|Any CPU
		Release|Any CPU = Release|Any CPU
	EndGlobalSection
	GlobalSection(ProjectConfigurationPlatforms) = postSolution
		{01089A97-EB2D-443A-97B1-0EC03A2ECC89}.Debug|Any CPU.ActiveCfg = Debug|Any CPU
		{01089A97-EB2D-443A-97B1-0EC03A2ECC89}.Debug|Any CPU.Build.0 = Debug|Any CPU
		{01089A97-EB2D-443A-97B1-0EC03A2ECC89}.Release|Any CPU.ActiveCfg = Release|Any CPU
		{01089A97-EB2D-443A-97B1-0EC03A2ECC89}.Release|Any CPU.Build.0 = Release|Any CPU
	EndGlobalSection
	GlobalSection(SolutionProperties) = preSolution
		HideSolutionNode = FALSE
	EndGlobalSection
	GlobalSection(ExtensibilityGlobals) = postSolution
		SolutionGuid = {037668AA-2780-440F-B4E1-51B09B05A212}
	EndGlobalSection
EndGlobal
