
Microsoft Visual Studio Solution File, Format Version 12.00
# Visual Studio Version 16
VisualStudioVersion = 16.0.30611.23
MinimumVisualStudioVersion = 10.0.40219.1
Project("{FAE04EC0-301F-11D3-BF4B-00C04F79EFBC}") = "C", "C\C.csproj", "{6E6C9625-63EE-48BD-A191-E432D1C09B52}"
EndProject
Global
	GlobalSection(SolutionConfigurationPlatforms) = preSolution
		Debug|Any CPU = Debug|Any CPU
		Release|Any CPU = Release|Any CPU
	EndGlobalSection
	GlobalSection(ProjectConfigurationPlatforms) = postSolution
		{6E6C9625-63EE-48BD-A191-E432D1C09B52}.Debug|Any CPU.ActiveCfg = Debug|Any CPU
		{6E6C9625-63EE-48BD-A191-E432D1C09B52}.Debug|Any CPU.Build.0 = Debug|Any CPU
		{6E6C9625-63EE-48BD-A191-E432D1C09B52}.Release|Any CPU.ActiveCfg = Release|Any CPU
		{6E6C9625-63EE-48BD-A191-E432D1C09B52}.Release|Any CPU.Build.0 = Release|Any CPU
	EndGlobalSection
	GlobalSection(SolutionProperties) = preSolution
		HideSolutionNode = FALSE
	EndGlobalSection
	GlobalSection(ExtensibilityGlobals) = postSolution
		SolutionGuid = {007D12C8-92E0-4E0A-A062-1DE50C7FD011}
	EndGlobalSection
EndGlobal
